
Microsoft Visual Studio Solution File, Format Version 12.00
# Visual Studio Version 16
VisualStudioVersion = 16.0.30907.101
MinimumVisualStudioVersion = 10.0.40219.1
Project("{9A19103F-16F7-4668-BE54-9A1E7A4F7556}") = "Demo.Ddd.Domain", "Demo.Ddd.Domain\Demo.Ddd.Domain.csproj", "{CBAFBF16-7DD2-47D5-995E-C078C82BA450}"
EndProject
Project("{9A19103F-16F7-4668-BE54-9A1E7A4F7556}") = "Demo.Ddd.Application", "Demo.Ddd.Application\Demo.Ddd.Application.csproj", "{609942E4-46CA-46DE-8A09-1723B1244E23}"
EndProject
Project("{9A19103F-16F7-4668-BE54-9A1E7A4F7556}") = "Demo.Ddd.Infrastructure", "Demo.Ddd.Infrastructure\Demo.Ddd.Infrastructure.csproj", "{424AADBD-DB33-4B55-90BD-DB61A82B1239}"
EndProject
Project("{9A19103F-16F7-4668-BE54-9A1E7A4F7556}") = "Demo.Ddd.API", "Demo.Ddd.API\Demo.Ddd.API.csproj", "{BAB7A3C4-5937-4AC8-B8E9-687B03C537E8}"
EndProject
Project("{2150E333-8FDC-42A3-9474-1A3956D46DE8}") = "Tests", "Tests", "{31A46E36-B1EC-40FA-93F6-082BD3386835}"
EndProject
Project("{FAE04EC0-301F-11D3-BF4B-00C04F79EFBC}") = "Demo.Ddd.Domain.UnitTest", "Demo.Ddd.Domain.UnitTest\Demo.Ddd.Domain.UnitTest.csproj", "{CB581B73-C365-4DB3-91B4-117A511107BF}"
EndProject
Project("{FAE04EC0-301F-11D3-BF4B-00C04F79EFBC}") = "Demo.Ddd.Application.UnitTest", "Demo.Ddd.Application.UnitTest\Demo.Ddd.Application.UnitTest.csproj", "{78DACEC8-2729-4099-A610-AE121130E512}"
EndProject
Global
	GlobalSection(SolutionConfigurationPlatforms) = preSolution
		Debug|Any CPU = Debug|Any CPU
		Release|Any CPU = Release|Any CPU
	EndGlobalSection
	GlobalSection(ProjectConfigurationPlatforms) = postSolution
		{CBAFBF16-7DD2-47D5-995E-C078C82BA450}.Debug|Any CPU.ActiveCfg = Debug|Any CPU
		{CBAFBF16-7DD2-47D5-995E-C078C82BA450}.Debug|Any CPU.Build.0 = Debug|Any CPU
		{CBAFBF16-7DD2-47D5-995E-C078C82BA450}.Release|Any CPU.ActiveCfg = Release|Any CPU
		{CBAFBF16-7DD2-47D5-995E-C078C82BA450}.Release|Any CPU.Build.0 = Release|Any CPU
		{609942E4-46CA-46DE-8A09-1723B1244E23}.Debug|Any CPU.ActiveCfg = Debug|Any CPU
		{609942E4-46CA-46DE-8A09-1723B1244E23}.Debug|Any CPU.Build.0 = Debug|Any CPU
		{609942E4-46CA-46DE-8A09-1723B1244E23}.Release|Any CPU.ActiveCfg = Release|Any CPU
		{609942E4-46CA-46DE-8A09-1723B1244E23}.Release|Any CPU.Build.0 = Release|Any CPU
		{424AADBD-DB33-4B55-90BD-DB61A82B1239}.Debug|Any CPU.ActiveCfg = Debug|Any CPU
		{424AADBD-DB33-4B55-90BD-DB61A82B1239}.Debug|Any CPU.Build.0 = Debug|Any CPU
		{424AADBD-DB33-4B55-90BD-DB61A82B1239}.Release|Any CPU.ActiveCfg = Release|Any CPU
		{424AADBD-DB33-4B55-90BD-DB61A82B1239}.Release|Any CPU.Build.0 = Release|Any CPU
		{BAB7A3C4-5937-4AC8-B8E9-687B03C537E8}.Debug|Any CPU.ActiveCfg = Debug|Any CPU
		{BAB7A3C4-5937-4AC8-B8E9-687B03C537E8}.Debug|Any CPU.Build.0 = Debug|Any CPU
		{BAB7A3C4-5937-4AC8-B8E9-687B03C537E8}.Release|Any CPU.ActiveCfg = Release|Any CPU
		{BAB7A3C4-5937-4AC8-B8E9-687B03C537E8}.Release|Any CPU.Build.0 = Release|Any CPU
		{CB581B73-C365-4DB3-91B4-117A511107BF}.Debug|Any CPU.ActiveCfg = Debug|Any CPU
		{CB581B73-C365-4DB3-91B4-117A511107BF}.Debug|Any CPU.Build.0 = Debug|Any CPU
		{CB581B73-C365-4DB3-91B4-117A511107BF}.Release|Any CPU.ActiveCfg = Release|Any CPU
		{CB581B73-C365-4DB3-91B4-117A511107BF}.Release|Any CPU.Build.0 = Release|Any CPU
		{78DACEC8-2729-4099-A610-AE121130E512}.Debug|Any CPU.ActiveCfg = Debug|Any CPU
		{78DACEC8-2729-4099-A610-AE121130E512}.Debug|Any CPU.Build.0 = Debug|Any CPU
		{78DACEC8-2729-4099-A610-AE121130E512}.Release|Any CPU.ActiveCfg = Release|Any CPU
		{78DACEC8-2729-4099-A610-AE121130E512}.Release|Any CPU.Build.0 = Release|Any CPU
	EndGlobalSection
	GlobalSection(SolutionProperties) = preSolution
		HideSolutionNode = FALSE
	EndGlobalSection
	GlobalSection(NestedProjects) = preSolution
		{CB581B73-C365-4DB3-91B4-117A511107BF} = {31A46E36-B1EC-40FA-93F6-082BD3386835}
		{78DACEC8-2729-4099-A610-AE121130E512} = {31A46E36-B1EC-40FA-93F6-082BD3386835}
	EndGlobalSection
	GlobalSection(ExtensibilityGlobals) = postSolution
		SolutionGuid = {7FFB6B7E-CA27-4982-ADEB-ED83D4EA4ADF}
	EndGlobalSection
EndGlobal
